# THIS IS AN AUTOGENERATED FILE. DO NOT EDIT THIS FILE DIRECTLY.
# yarn lockfile v1


"@types/json5@^2.2.0":
  version "2.2.0"
  resolved "https://registry.yarnpkg.com/@types/json5/-/json5-2.2.0.tgz#afff29abf9182a7d4a7e39105ca051f11c603d13"
  integrity sha512-NrVug5woqbvNZ0WX+Gv4R+L4TGddtmFek2u8RtccAgFZWtS9QXF2xCXY22/M4nzkaKF0q9Fc6M/5rxLDhfwc/A==
  dependencies:
    json5 "*"

"@types/node@^18.16.0":
  version "18.16.0"
  resolved "https://registry.yarnpkg.com/@types/node/-/node-18.16.0.tgz#4668bc392bb6938637b47e98b1f2ed5426f33316"
  integrity sha512-BsAaKhB+7X+H4GnSjGhJG9Qi8Tw+inU9nJDwmD5CgOmBLEI6ArdhikpLX7DjbjDRDTbqZzU2LSQNZg8WGPiSZQ==

json5@*, json5@^2.2.3:
  version "2.2.3"
  resolved "https://registry.yarnpkg.com/json5/-/json5-2.2.3.tgz#78cd6f1a19bdc12b73db5ad0c61efd66c1e29283"
  integrity sha512-XmOWe7eyHYH14cLdVPoyg+GOH3rYX++KpzrylJwSW98t3Nk+U8XOl8FWKOgwtzdb8lXGf6zYwDUzeHMWfxasyg==
